
Microsoft Visual Studio Solution File, Format Version 12.00
# Visual Studio Version 17
VisualStudioVersion = 17.4.33213.308
MinimumVisualStudioVersion = 10.0.40219.1
Project("{FAE04EC0-301F-11D3-BF4B-00C04F79EFBC}") = "Lesson 16", "Lesson 16\Lesson 16.csproj", "{2305A406-3F45-4163-9C47-1613D0417A0E}"
EndProject
Global
	GlobalSection(SolutionConfigurationPlatforms) = preSolution
		Debug|Any CPU = Debug|Any CPU
		Release|Any CPU = Release|Any CPU
	EndGlobalSection
	GlobalSection(ProjectConfigurationPlatforms) = postSolution
		{2305A406-3F45-4163-9C47-1613D0417A0E}.Debug|Any CPU.ActiveCfg = Debug|Any CPU
		{2305A406-3F45-4163-9C47-1613D0417A0E}.Debug|Any CPU.Build.0 = Debug|Any CPU
		{2305A406-3F45-4163-9C47-1613D0417A0E}.Release|Any CPU.ActiveCfg = Release|Any CPU
		{2305A406-3F45-4163-9C47-1613D0417A0E}.Release|Any CPU.Build.0 = Release|Any CPU
	EndGlobalSection
	GlobalSection(SolutionProperties) = preSolution
		HideSolutionNode = FALSE
	EndGlobalSection
	GlobalSection(ExtensibilityGlobals) = postSolution
		SolutionGuid = {C7B7F0F8-7B7C-414D-8153-FE12F3633935}
	EndGlobalSection
EndGlobal
